
Microsoft Visual Studio Solution File, Format Version 12.00
# Visual Studio Version 17
VisualStudioVersion = 17.12.35514.174 d17.12
MinimumVisualStudioVersion = 10.0.40219.1
Project("{FAE04EC0-301F-11D3-BF4B-00C04F79EFBC}") = "Settrix.API", "Settrix.API\Settrix.API.csproj", "{788FB571-E46A-4BFE-9A4E-61FC406F9B93}"
EndProject
Project("{FAE04EC0-301F-11D3-BF4B-00C04F79EFBC}") = "Settrix.Application", "Settrix.Application\Settrix.Application.csproj", "{7FD0F19D-1CAE-4736-BD2E-668D60B4DB7D}"
EndProject
Project("{FAE04EC0-301F-11D3-BF4B-00C04F79EFBC}") = "Settrix.Comunication", "Settrix.Comunication\Settrix.Comunication.csproj", "{86ABB6AD-7700-40E5-B47F-576095CD638F}"
EndProject
Project("{FAE04EC0-301F-11D3-BF4B-00C04F79EFBC}") = "Settrix.Exception", "Settrix.Exception\Settrix.Exception.csproj", "{66BC2564-4718-4530-9AFA-3086D58ED727}"
EndProject
Project("{FAE04EC0-301F-11D3-BF4B-00C04F79EFBC}") = "Settrix.Domain", "Settrix.Domain\Settrix.Domain.csproj", "{734711AD-0820-482D-89DC-EBB7BAADD243}"
EndProject
Project("{FAE04EC0-301F-11D3-BF4B-00C04F79EFBC}") = "Settrix.Infraestructure", "Settrix.Infraestructure\Settrix.Infraestructure.csproj", "{179B2F4E-DEA4-45CC-B6AF-CD64E65DDE04}"
EndProject
Project("{2150E333-8FDC-42A3-9474-1A3956D46DE8}") = "Application", "Application", "{90061B3D-AD20-449F-9A40-2DF072EAF606}"
EndProject
Project("{2150E333-8FDC-42A3-9474-1A3956D46DE8}") = "Tests", "Tests", "{E17F9A88-1FDF-4AFF-A66F-5A0982143C95}"
EndProject
Project("{FAE04EC0-301F-11D3-BF4B-00C04F79EFBC}") = "UnitTests", "UnitTests\UnitTests.csproj", "{7A6BFF39-E643-4133-B4AF-4683D5678CD8}"
EndProject
Project("{FAE04EC0-301F-11D3-BF4B-00C04F79EFBC}") = "CommonTestsUtilities", "CommonTestsUtilities\CommonTestsUtilities.csproj", "{3FCE21A7-6092-4BA6-82E9-E01647956890}"
EndProject
Project("{FAE04EC0-301F-11D3-BF4B-00C04F79EFBC}") = "IntegrationTests", "IntegrationTests\IntegrationTests.csproj", "{2E3A9C54-D60C-43D1-A29B-123313608515}"
EndProject
Global
	GlobalSection(SolutionConfigurationPlatforms) = preSolution
		Debug|Any CPU = Debug|Any CPU
		Release|Any CPU = Release|Any CPU
	EndGlobalSection
	GlobalSection(ProjectConfigurationPlatforms) = postSolution
		{788FB571-E46A-4BFE-9A4E-61FC406F9B93}.Debug|Any CPU.ActiveCfg = Debug|Any CPU
		{788FB571-E46A-4BFE-9A4E-61FC406F9B93}.Debug|Any CPU.Build.0 = Debug|Any CPU
		{788FB571-E46A-4BFE-9A4E-61FC406F9B93}.Release|Any CPU.ActiveCfg = Release|Any CPU
		{788FB571-E46A-4BFE-9A4E-61FC406F9B93}.Release|Any CPU.Build.0 = Release|Any CPU
		{7FD0F19D-1CAE-4736-BD2E-668D60B4DB7D}.Debug|Any CPU.ActiveCfg = Debug|Any CPU
		{7FD0F19D-1CAE-4736-BD2E-668D60B4DB7D}.Debug|Any CPU.Build.0 = Debug|Any CPU
		{7FD0F19D-1CAE-4736-BD2E-668D60B4DB7D}.Release|Any CPU.ActiveCfg = Release|Any CPU
		{7FD0F19D-1CAE-4736-BD2E-668D60B4DB7D}.Release|Any CPU.Build.0 = Release|Any CPU
		{86ABB6AD-7700-40E5-B47F-576095CD638F}.Debug|Any CPU.ActiveCfg = Debug|Any CPU
		{86ABB6AD-7700-40E5-B47F-576095CD638F}.Debug|Any CPU.Build.0 = Debug|Any CPU
		{86ABB6AD-7700-40E5-B47F-576095CD638F}.Release|Any CPU.ActiveCfg = Release|Any CPU
		{86ABB6AD-7700-40E5-B47F-576095CD638F}.Release|Any CPU.Build.0 = Release|Any CPU
		{66BC2564-4718-4530-9AFA-3086D58ED727}.Debug|Any CPU.ActiveCfg = Debug|Any CPU
		{66BC2564-4718-4530-9AFA-3086D58ED727}.Debug|Any CPU.Build.0 = Debug|Any CPU
		{66BC2564-4718-4530-9AFA-3086D58ED727}.Release|Any CPU.ActiveCfg = Release|Any CPU
		{66BC2564-4718-4530-9AFA-3086D58ED727}.Release|Any CPU.Build.0 = Release|Any CPU
		{734711AD-0820-482D-89DC-EBB7BAADD243}.Debug|Any CPU.ActiveCfg = Debug|Any CPU
		{734711AD-0820-482D-89DC-EBB7BAADD243}.Debug|Any CPU.Build.0 = Debug|Any CPU
		{734711AD-0820-482D-89DC-EBB7BAADD243}.Release|Any CPU.ActiveCfg = Release|Any CPU
		{734711AD-0820-482D-89DC-EBB7BAADD243}.Release|Any CPU.Build.0 = Release|Any CPU
		{179B2F4E-DEA4-45CC-B6AF-CD64E65DDE04}.Debug|Any CPU.ActiveCfg = Debug|Any CPU
		{179B2F4E-DEA4-45CC-B6AF-CD64E65DDE04}.Debug|Any CPU.Build.0 = Debug|Any CPU
		{179B2F4E-DEA4-45CC-B6AF-CD64E65DDE04}.Release|Any CPU.ActiveCfg = Release|Any CPU
		{179B2F4E-DEA4-45CC-B6AF-CD64E65DDE04}.Release|Any CPU.Build.0 = Release|Any CPU
		{7A6BFF39-E643-4133-B4AF-4683D5678CD8}.Debug|Any CPU.ActiveCfg = Debug|Any CPU
		{7A6BFF39-E643-4133-B4AF-4683D5678CD8}.Debug|Any CPU.Build.0 = Debug|Any CPU
		{7A6BFF39-E643-4133-B4AF-4683D5678CD8}.Release|Any CPU.ActiveCfg = Release|Any CPU
		{7A6BFF39-E643-4133-B4AF-4683D5678CD8}.Release|Any CPU.Build.0 = Release|Any CPU
		{3FCE21A7-6092-4BA6-82E9-E01647956890}.Debug|Any CPU.ActiveCfg = Debug|Any CPU
		{3FCE21A7-6092-4BA6-82E9-E01647956890}.Debug|Any CPU.Build.0 = Debug|Any CPU
		{3FCE21A7-6092-4BA6-82E9-E01647956890}.Release|Any CPU.ActiveCfg = Release|Any CPU
		{3FCE21A7-6092-4BA6-82E9-E01647956890}.Release|Any CPU.Build.0 = Release|Any CPU
		{2E3A9C54-D60C-43D1-A29B-123313608515}.Debug|Any CPU.ActiveCfg = Debug|Any CPU
		{2E3A9C54-D60C-43D1-A29B-123313608515}.Debug|Any CPU.Build.0 = Debug|Any CPU
		{2E3A9C54-D60C-43D1-A29B-123313608515}.Release|Any CPU.ActiveCfg = Release|Any CPU
		{2E3A9C54-D60C-43D1-A29B-123313608515}.Release|Any CPU.Build.0 = Release|Any CPU
	EndGlobalSection
	GlobalSection(SolutionProperties) = preSolution
		HideSolutionNode = FALSE
	EndGlobalSection
	GlobalSection(NestedProjects) = preSolution
		{179B2F4E-DEA4-45CC-B6AF-CD64E65DDE04} = {90061B3D-AD20-449F-9A40-2DF072EAF606}
		{66BC2564-4718-4530-9AFA-3086D58ED727} = {90061B3D-AD20-449F-9A40-2DF072EAF606}
		{734711AD-0820-482D-89DC-EBB7BAADD243} = {90061B3D-AD20-449F-9A40-2DF072EAF606}
		{86ABB6AD-7700-40E5-B47F-576095CD638F} = {90061B3D-AD20-449F-9A40-2DF072EAF606}
		{7FD0F19D-1CAE-4736-BD2E-668D60B4DB7D} = {90061B3D-AD20-449F-9A40-2DF072EAF606}
		{788FB571-E46A-4BFE-9A4E-61FC406F9B93} = {90061B3D-AD20-449F-9A40-2DF072EAF606}
		{7A6BFF39-E643-4133-B4AF-4683D5678CD8} = {E17F9A88-1FDF-4AFF-A66F-5A0982143C95}
		{3FCE21A7-6092-4BA6-82E9-E01647956890} = {E17F9A88-1FDF-4AFF-A66F-5A0982143C95}
		{2E3A9C54-D60C-43D1-A29B-123313608515} = {E17F9A88-1FDF-4AFF-A66F-5A0982143C95}
	EndGlobalSection
EndGlobal
